// !$*UTF8*$!
{
	archiveVersion = 1;
	classes = {
	};
	objectVersion = 46;
	objects = {

/* Begin PBXBuildFile section */
		2EE4BC0D1A6D2B6800CC54A7 /* main.m in Sources */ = {isa = PBXBuildFile; fileRef = 2EE4BC0C1A6D2B6800CC54A7 /* main.m */; };
		2EE4BC151A6D2B7700CC54A7 /* User.m in Sources */ = {isa = PBXBuildFile; fileRef = 2EE4BC141A6D2B7700CC54A7 /* User.m */; };
		2EE4BC181A6D2D0900CC54A7 /* Status.m in Sources */ = {isa = PBXBuildFile; fileRef = 2EE4BC171A6D2D0900CC54A7 /* Status.m */; };
/* End PBXBuildFile section */

/* Begin PBXCopyFilesBuildPhase section */
		2EE4BC071A6D2B6800CC54A7 /* Copy Files */ = {
			isa = PBXCopyFilesBuildPhase;
			buildActionMask = 2147483647;
			dstPath = /usr/share/man/man1/;
			dstSubfolderSpec = 0;
			files = (
			);
			name = "Copy Files";
			runOnlyForDeploymentPostprocessing = 1;
		};
/* End PBXCopyFilesBuildPhase section */

/* Begin PBXFileReference section */
		2EE4BC091A6D2B6800CC54A7 /* 模型设计练习 */ = {isa = PBXFileReference; explicitFileType = "compiled.mach-o.executable"; includeInIndex = 0; path = "模型设计练习"; sourceTree = BUILT_PRODUCTS_DIR; };
		2EE4BC0C1A6D2B6800CC54A7 /* main.m */ = {isa = PBXFileReference; lastKnownFileType = sourcecode.c.objc; path = main.m; sourceTree = "<group>"; };
		2EE4BC131A6D2B7700CC54A7 /* User.h */ = {isa = PBXFileReference; fileEncoding = 4; lastKnownFileType = sourcecode.c.h; path = User.h; sourceTree = "<group>"; };
		2EE4BC141A6D2B7700CC54A7 /* User.m */ = {isa = PBXFileReference; fileEncoding = 4; lastKnownFileType = sourcecode.c.objc; path = User.m; sourceTree = "<group>"; };
		2EE4BC161A6D2D0900CC54A7 /* Status.h */ = {isa = PBXFileReference; fileEncoding = 4; lastKnownFileType = sourcecode.c.h; path = Status.h; sourceTree = "<group>"; };
		2EE4BC171A6D2D0900CC54A7 /* Status.m */ = {isa = PBXFileReference; fileEncoding = 4; lastKnownFileType = sourcecode.c.objc; path = Status.m; sourceTree = "<group>"; };
/* End PBXFileReference section */

/* Begin PBXFrameworksBuildPhase section */
		2EE4BC061A6D2B6800CC54A7 /* Frameworks */ = {
			isa = PBXFrameworksBuildPhase;
			buildActionMask = 2147483647;
			files = (
			);
			runOnlyForDeploymentPostprocessing = 0;
		};
/* End PBXFrameworksBuildPhase section */

/* Begin PBXGroup section */
		2EE4BC001A6D2B6800CC54A7 = {
			isa = PBXGroup;
			children = (
				2EE4BC0B1A6D2B6800CC54A7 /* 模型设计练习 */,
				2EE4BC0A1A6D2B6800CC54A7 /* Products */,
			);
			sourceTree = "<group>";
		};
		2EE4BC0A1A6D2B6800CC54A7 /* Products */ = {
			isa = PBXGroup;
			children = (
				2EE4BC091A6D2B6800CC54A7 /* 模型设计练习 */,
			);
			name = Products;
			sourceTree = "<group>";
		};
		2EE4BC0B1A6D2B6800CC54A7 /* 模型设计练习 */ = {
			isa = PBXGroup;
			children = (
				2EE4BC0C1A6D2B6800CC54A7 /* main.m */,
				2EE4BC131A6D2B7700CC54A7 /* User.h */,
				2EE4BC141A6D2B7700CC54A7 /* User.m */,
				2EE4BC161A6D2D0900CC54A7 /* Status.h */,
				2EE4BC171A6D2D0900CC54A7 /* Status.m */,
			);
			path = "模型设计练习";
			sourceTree = "<group>";
		};
/* End PBXGroup section */

/* Begin PBXNativeTarget section */
		2EE4BC081A6D2B6800CC54A7 /* 模型设计练习 */ = {
			isa = PBXNativeTarget;
			buildConfigurationList = 2EE4BC101A6D2B6800CC54A7 /* Build configuration list for PBXNativeTarget "模型设计练习" */;
			buildPhases = (
				2EE4BC051A6D2B6800CC54A7 /* Sources */,
				2EE4BC061A6D2B6800CC54A7 /* Frameworks */,
				2EE4BC071A6D2B6800CC54A7 /* Copy Files */,
			);
			buildRules = (
			);
			dependencies = (
			);
			name = "模型设计练习";
			productName = "模型设计练习";
			productReference = 2EE4BC091A6D2B6800CC54A7 /* 模型设计练习 */;
			productType = "com.apple.product-type.tool";
		};
/* End PBXNativeTarget section */

/* Begin PBXProject section */
		2EE4BC011A6D2B6800CC54A7 /* Project object */ = {
			isa = PBXProject;
			attributes = {
				LastUpgradeCheck = 0610;
				ORGANIZATIONNAME = ths;
				TargetAttributes = {
					2EE4BC081A6D2B6800CC54A7 = {
						CreatedOnToolsVersion = 6.1.1;
					};
				};
			};
			buildConfigurationList = 2EE4BC041A6D2B6800CC54A7 /* Build configuration list for PBXProject "模型设计练习" */;
			compatibilityVersion = "Xcode 3.2";
			developmentRegion = English;
			hasScannedForEncodings = 0;
			knownRegions = (
				en,
			);
			mainGroup = 2EE4BC001A6D2B6800CC54A7;
			productRefGroup = 2EE4BC0A1A6D2B6800CC54A7 /* Products */;
			projectDirPath = "";
			projectRoot = "";
			targets = (
				2EE4BC081A6D2B6800CC54A7 /* 模型设计练习 */,
			);
		};
/* End PBXProject section */

/* Begin PBXSourcesBuildPhase section */
		2EE4BC051A6D2B6800CC54A7 /* Sources */ = {
			isa = PBXSourcesBuildPhase;
			buildActionMask = 2147483647;
			files = (
				2EE4BC151A6D2B7700CC54A7 /* User.m in Sources */,
				2EE4BC181A6D2D0900CC54A7 /* Status.m in Sources */,
				2EE4BC0D1A6D2B6800CC54A7 /* main.m in Sources */,
			);
			runOnlyForDeploymentPostprocessing = 0;
		};
/* End PBXSourcesBuildPhase section */

/* Begin XCBuildConfiguration section */
		2EE4BC0E1A6D2B6800CC54A7 /* Debug */ = {
			isa = XCBuildConfiguration;
			buildSettings = {
				ALWAYS_SEARCH_USER_PATHS = NO;
				CLANG_CXX_LANGUAGE_STANDARD = "gnu++0x";
				CLANG_CXX_LIBRARY = "libc++";
				CLANG_ENABLE_MODULES = YES;
				CLANG_ENABLE_OBJC_ARC = YES;
				CLANG_WARN_BOOL_CONVERSION = YES;
				CLANG_WARN_CONSTANT_CONVERSION = YES;
				CLANG_WARN_DIRECT_OBJC_ISA_USAGE = YES_ERROR;
				CLANG_WARN_EMPTY_BODY = YES;
				CLANG_WARN_ENUM_CONVERSION = YES;
				CLANG_WARN_INT_CONVERSION = YES;
				CLANG_WARN_OBJC_ROOT_CLASS = YES_ERROR;
				CLANG_WARN_UNREACHABLE_CODE = YES;
				CLANG_WARN__DUPLICATE_METHOD_MATCH = YES;
				COPY_PHASE_STRIP = NO;
				ENABLE_STRICT_OBJC_MSGSEND = YES;
				GCC_C_LANGUAGE_STANDARD = gnu99;
				GCC_DYNAMIC_NO_PIC = NO;
				GCC_OPTIMIZATION_LEVEL = 0;
				GCC_PREPROCESSOR_DEFINITIONS = (
					"DEBUG=1",
					"$(inherited)",
				);
				GCC_SYMBOLS_PRIVATE_EXTERN = NO;
				GCC_WARN_64_TO_32_BIT_CONVERSION = YES;
				GCC_WARN_ABOUT_RETURN_TYPE = YES_ERROR;
				GCC_WARN_UNDECLARED_SELECTOR = YES;
				GCC_WARN_UNINITIALIZED_AUTOS = YES_AGGRESSIVE;
				GCC_WARN_UNUSED_FUNCTION = YES;
				GCC_WARN_UNUSED_VARIABLE = YES;
				MACOSX_DEPLOYMENT_TARGET = 10.10;
				MTL_ENABLE_DEBUG_INFO = YES;
				ONLY_ACTIVE_ARCH = YES;
				SDKROOT = macosx;
			};
			name = Debug;
		};
		2EE4BC0F1A6D2B6800CC54A7 /* Release */ = {
			isa = XCBuildConfiguration;
			buildSettings = {
				ALWAYS_SEARCH_USER_PATHS = NO;
				CLANG_CXX_LANGUAGE_STANDARD = "gnu++0x";
				CLANG_CXX_LIBRARY = "libc++";
				CLANG_ENABLE_MODULES = YES;
				CLANG_ENABLE_OBJC_ARC = YES;
				CLANG_WARN_BOOL_CONVERSION = YES;
				CLANG_WARN_CONSTANT_CONVERSION = YES;
				CLANG_WARN_DIRECT_OBJC_ISA_USAGE = YES_ERROR;
				CLANG_WARN_EMPTY_BODY = YES;
				CLANG_WARN_ENUM_CONVERSION = YES;
				CLANG_WARN_INT_CONVERSION = YES;
				CLANG_WARN_OBJC_ROOT_CLASS = YES_ERROR;
				CLANG_WARN_UNREACHABLE_CODE = YES;
				CLANG_WARN__DUPLICATE_METHOD_MATCH = YES;
				COPY_PHASE_STRIP = YES;
				DEBUG_INFORMATION_FORMAT = "dwarf-with-dsym";
				ENABLE_NS_ASSERTIONS = NO;
				ENABLE_STRICT_OBJC_MSGSEND = YES;
				GCC_C_LANGUAGE_STANDARD = gnu99;
				GCC_WARN_64_TO_32_BIT_CONVERSION = YES;
				GCC_WARN_ABOUT_RETURN_TYPE = YES_ERROR;
				GCC_WARN_UNDECLARED_SELECTOR = YES;
				GCC_WARN_UNINITIALIZED_AUTOS = YES_AGGRESSIVE;
				GCC_WARN_UNUSED_FUNCTION = YES;
				GCC_WARN_UNUSED_VARIABLE = YES;
				MACOSX_DEPLOYMENT_TARGET = 10.10;
				MTL_ENABLE_DEBUG_INFO = NO;
				SDKROOT = macosx;
			};
			name = Release;
		};
		2EE4BC111A6D2B6800CC54A7 /* Debug */ = {
			isa = XCBuildConfiguration;
			buildSettings = {
				CLANG_ENABLE_OBJC_ARC = YES;
				PRODUCT_NAME = "$(TARGET_NAME)";
			};
			name = Debug;
		};
		2EE4BC121A6D2B6800CC54A7 /* Release */ = {
			isa = XCBuildConfiguration;
			buildSettings = {
				CLANG_ENABLE_OBJC_ARC = YES;
				PRODUCT_NAME = "$(TARGET_NAME)";
			};
			name = Release;
		};
/* End XCBuildConfiguration section */

/* Begin XCConfigurationList section */
		2EE4BC041A6D2B6800CC54A7 /* Build configuration list for PBXProject "模型设计练习" */ = {
			isa = XCConfigurationList;
			buildConfigurations = (
				2EE4BC0E1A6D2B6800CC54A7 /* Debug */,
				2EE4BC0F1A6D2B6800CC54A7 /* Release */,
			);
			defaultConfigurationIsVisible = 0;
			defaultConfigurationName = Release;
		};
		2EE4BC101A6D2B6800CC54A7 /* Build configuration list for PBXNativeTarget "模型设计练习" */ = {
			isa = XCConfigurationList;
			buildConfigurations = (
				2EE4BC111A6D2B6800CC54A7 /* Debug */,
				2EE4BC121A6D2B6800CC54A7 /* Release */,
			);
			defaultConfigurationIsVisible = 0;
		};
/* End XCConfigurationList section */
	};
	rootObject = 2EE4BC011A6D2B6800CC54A7 /* Project object */;
}
