// !$*UTF8*$!
{
	archiveVersion = 1;
	classes = {
	};
	objectVersion = 46;
	objects = {

/* Begin PBXBuildFile section */
		2EC191191AB1DDE400A78151 /* WheelView.m in Sources */ = {isa = PBXBuildFile; fileRef = 2EC191181AB1DDE400A78151 /* WheelView.m */; };
		2EC1911D1AB1E4EA00A78151 /* DetailViewController.m in Sources */ = {isa = PBXBuildFile; fileRef = 2EC1911B1AB1E4EA00A78151 /* DetailViewController.m */; };
		2EC191211AB1EBE800A78151 /* Main.storyboard in Resources */ = {isa = PBXBuildFile; fileRef = 2EC1911F1AB1EBE800A78151 /* Main.storyboard */; };
		2EC27B691AA2DB1900588422 /* main.m in Sources */ = {isa = PBXBuildFile; fileRef = 2EC27B681AA2DB1900588422 /* main.m */; };
		2EC27B6C1AA2DB1900588422 /* AppDelegate.m in Sources */ = {isa = PBXBuildFile; fileRef = 2EC27B6B1AA2DB1900588422 /* AppDelegate.m */; };
		2EC27B6F1AA2DB1900588422 /* MasterViewController.m in Sources */ = {isa = PBXBuildFile; fileRef = 2EC27B6E1AA2DB1900588422 /* MasterViewController.m */; };
		2EC27B771AA2DB1900588422 /* Images.xcassets in Resources */ = {isa = PBXBuildFile; fileRef = 2EC27B761AA2DB1900588422 /* Images.xcassets */; };
		2EC27B7A1AA2DB1900588422 /* LaunchScreen.xib in Resources */ = {isa = PBXBuildFile; fileRef = 2EC27B781AA2DB1900588422 /* LaunchScreen.xib */; };
		2EC27B861AA2DB1900588422 /* PhotoWheelPrototypeTests.m in Sources */ = {isa = PBXBuildFile; fileRef = 2EC27B851AA2DB1900588422 /* PhotoWheelPrototypeTests.m */; };
		2ECB1B5A1AB0607700464C9B /* NameEditorViewController.m in Sources */ = {isa = PBXBuildFile; fileRef = 2ECB1B581AB0607700464C9B /* NameEditorViewController.m */; };
		2ECB1B5B1AB0607700464C9B /* NameEditorViewController.xib in Resources */ = {isa = PBXBuildFile; fileRef = 2ECB1B591AB0607700464C9B /* NameEditorViewController.xib */; };
/* End PBXBuildFile section */

/* Begin PBXContainerItemProxy section */
		2EC27B801AA2DB1900588422 /* PBXContainerItemProxy */ = {
			isa = PBXContainerItemProxy;
			containerPortal = 2EC27B5B1AA2DB1900588422 /* Project object */;
			proxyType = 1;
			remoteGlobalIDString = 2EC27B621AA2DB1900588422;
			remoteInfo = PhotoWheelPrototype;
		};
/* End PBXContainerItemProxy section */

/* Begin PBXFileReference section */
		2EC191171AB1DDE400A78151 /* WheelView.h */ = {isa = PBXFileReference; fileEncoding = 4; lastKnownFileType = sourcecode.c.h; path = WheelView.h; sourceTree = "<group>"; };
		2EC191181AB1DDE400A78151 /* WheelView.m */ = {isa = PBXFileReference; fileEncoding = 4; lastKnownFileType = sourcecode.c.objc; path = WheelView.m; sourceTree = "<group>"; };
		2EC1911A1AB1E4EA00A78151 /* DetailViewController.h */ = {isa = PBXFileReference; fileEncoding = 4; lastKnownFileType = sourcecode.c.h; name = DetailViewController.h; path = ../DetailViewController.h; sourceTree = "<group>"; };
		2EC1911B1AB1E4EA00A78151 /* DetailViewController.m */ = {isa = PBXFileReference; fileEncoding = 4; lastKnownFileType = sourcecode.c.objc; name = DetailViewController.m; path = ../DetailViewController.m; sourceTree = "<group>"; };
		2EC191201AB1EBE800A78151 /* Base */ = {isa = PBXFileReference; lastKnownFileType = file.storyboard; name = Base; path = Base.lproj/Main.storyboard; sourceTree = "<group>"; };
		2EC27B631AA2DB1900588422 /* PhotoWheelPrototype.app */ = {isa = PBXFileReference; explicitFileType = wrapper.application; includeInIndex = 0; path = PhotoWheelPrototype.app; sourceTree = BUILT_PRODUCTS_DIR; };
		2EC27B671AA2DB1900588422 /* Info.plist */ = {isa = PBXFileReference; lastKnownFileType = text.plist.xml; path = Info.plist; sourceTree = "<group>"; };
		2EC27B681AA2DB1900588422 /* main.m */ = {isa = PBXFileReference; lastKnownFileType = sourcecode.c.objc; path = main.m; sourceTree = "<group>"; };
		2EC27B6A1AA2DB1900588422 /* AppDelegate.h */ = {isa = PBXFileReference; lastKnownFileType = sourcecode.c.h; path = AppDelegate.h; sourceTree = "<group>"; };
		2EC27B6B1AA2DB1900588422 /* AppDelegate.m */ = {isa = PBXFileReference; lastKnownFileType = sourcecode.c.objc; path = AppDelegate.m; sourceTree = "<group>"; };
		2EC27B6D1AA2DB1900588422 /* MasterViewController.h */ = {isa = PBXFileReference; lastKnownFileType = sourcecode.c.h; path = MasterViewController.h; sourceTree = "<group>"; };
		2EC27B6E1AA2DB1900588422 /* MasterViewController.m */ = {isa = PBXFileReference; lastKnownFileType = sourcecode.c.objc; path = MasterViewController.m; sourceTree = "<group>"; };
		2EC27B761AA2DB1900588422 /* Images.xcassets */ = {isa = PBXFileReference; lastKnownFileType = folder.assetcatalog; path = Images.xcassets; sourceTree = "<group>"; };
		2EC27B791AA2DB1900588422 /* Base */ = {isa = PBXFileReference; lastKnownFileType = file.xib; name = Base; path = Base.lproj/LaunchScreen.xib; sourceTree = "<group>"; };
		2EC27B7F1AA2DB1900588422 /* PhotoWheelPrototypeTests.xctest */ = {isa = PBXFileReference; explicitFileType = wrapper.cfbundle; includeInIndex = 0; path = PhotoWheelPrototypeTests.xctest; sourceTree = BUILT_PRODUCTS_DIR; };
		2EC27B841AA2DB1900588422 /* Info.plist */ = {isa = PBXFileReference; lastKnownFileType = text.plist.xml; path = Info.plist; sourceTree = "<group>"; };
		2EC27B851AA2DB1900588422 /* PhotoWheelPrototypeTests.m */ = {isa = PBXFileReference; lastKnownFileType = sourcecode.c.objc; path = PhotoWheelPrototypeTests.m; sourceTree = "<group>"; };
		2ECB1B571AB0607700464C9B /* NameEditorViewController.h */ = {isa = PBXFileReference; fileEncoding = 4; lastKnownFileType = sourcecode.c.h; path = NameEditorViewController.h; sourceTree = "<group>"; };
		2ECB1B581AB0607700464C9B /* NameEditorViewController.m */ = {isa = PBXFileReference; fileEncoding = 4; lastKnownFileType = sourcecode.c.objc; path = NameEditorViewController.m; sourceTree = "<group>"; };
		2ECB1B591AB0607700464C9B /* NameEditorViewController.xib */ = {isa = PBXFileReference; fileEncoding = 4; lastKnownFileType = file.xib; path = NameEditorViewController.xib; sourceTree = "<group>"; };
/* End PBXFileReference section */

/* Begin PBXFrameworksBuildPhase section */
		2EC27B601AA2DB1900588422 /* Frameworks */ = {
			isa = PBXFrameworksBuildPhase;
			buildActionMask = 2147483647;
			files = (
			);
			runOnlyForDeploymentPostprocessing = 0;
		};
		2EC27B7C1AA2DB1900588422 /* Frameworks */ = {
			isa = PBXFrameworksBuildPhase;
			buildActionMask = 2147483647;
			files = (
			);
			runOnlyForDeploymentPostprocessing = 0;
		};
/* End PBXFrameworksBuildPhase section */

/* Begin PBXGroup section */
		2EC27B5A1AA2DB1900588422 = {
			isa = PBXGroup;
			children = (
				2EC27B651AA2DB1900588422 /* PhotoWheelPrototype */,
				2EC27B821AA2DB1900588422 /* PhotoWheelPrototypeTests */,
				2EC27B641AA2DB1900588422 /* Products */,
			);
			sourceTree = "<group>";
		};
		2EC27B641AA2DB1900588422 /* Products */ = {
			isa = PBXGroup;
			children = (
				2EC27B631AA2DB1900588422 /* PhotoWheelPrototype.app */,
				2EC27B7F1AA2DB1900588422 /* PhotoWheelPrototypeTests.xctest */,
			);
			name = Products;
			sourceTree = "<group>";
		};
		2EC27B651AA2DB1900588422 /* PhotoWheelPrototype */ = {
			isa = PBXGroup;
			children = (
				2EC1911F1AB1EBE800A78151 /* Main.storyboard */,
				2EC1911A1AB1E4EA00A78151 /* DetailViewController.h */,
				2EC1911B1AB1E4EA00A78151 /* DetailViewController.m */,
				2EC27B6A1AA2DB1900588422 /* AppDelegate.h */,
				2EC27B6B1AA2DB1900588422 /* AppDelegate.m */,
				2EC27B6D1AA2DB1900588422 /* MasterViewController.h */,
				2EC191171AB1DDE400A78151 /* WheelView.h */,
				2EC191181AB1DDE400A78151 /* WheelView.m */,
				2EC27B6E1AA2DB1900588422 /* MasterViewController.m */,
				2ECB1B571AB0607700464C9B /* NameEditorViewController.h */,
				2ECB1B581AB0607700464C9B /* NameEditorViewController.m */,
				2ECB1B591AB0607700464C9B /* NameEditorViewController.xib */,
				2EC27B761AA2DB1900588422 /* Images.xcassets */,
				2EC27B781AA2DB1900588422 /* LaunchScreen.xib */,
				2EC27B661AA2DB1900588422 /* Supporting Files */,
			);
			path = PhotoWheelPrototype;
			sourceTree = "<group>";
		};
		2EC27B661AA2DB1900588422 /* Supporting Files */ = {
			isa = PBXGroup;
			children = (
				2EC27B671AA2DB1900588422 /* Info.plist */,
				2EC27B681AA2DB1900588422 /* main.m */,
			);
			name = "Supporting Files";
			sourceTree = "<group>";
		};
		2EC27B821AA2DB1900588422 /* PhotoWheelPrototypeTests */ = {
			isa = PBXGroup;
			children = (
				2EC27B851AA2DB1900588422 /* PhotoWheelPrototypeTests.m */,
				2EC27B831AA2DB1900588422 /* Supporting Files */,
			);
			path = PhotoWheelPrototypeTests;
			sourceTree = "<group>";
		};
		2EC27B831AA2DB1900588422 /* Supporting Files */ = {
			isa = PBXGroup;
			children = (
				2EC27B841AA2DB1900588422 /* Info.plist */,
			);
			name = "Supporting Files";
			sourceTree = "<group>";
		};
/* End PBXGroup section */

/* Begin PBXNativeTarget section */
		2EC27B621AA2DB1900588422 /* PhotoWheelPrototype */ = {
			isa = PBXNativeTarget;
			buildConfigurationList = 2EC27B891AA2DB1900588422 /* Build configuration list for PBXNativeTarget "PhotoWheelPrototype" */;
			buildPhases = (
				2EC27B5F1AA2DB1900588422 /* Sources */,
				2EC27B601AA2DB1900588422 /* Frameworks */,
				2EC27B611AA2DB1900588422 /* Resources */,
			);
			buildRules = (
			);
			dependencies = (
			);
			name = PhotoWheelPrototype;
			productName = PhotoWheelPrototype;
			productReference = 2EC27B631AA2DB1900588422 /* PhotoWheelPrototype.app */;
			productType = "com.apple.product-type.application";
		};
		2EC27B7E1AA2DB1900588422 /* PhotoWheelPrototypeTests */ = {
			isa = PBXNativeTarget;
			buildConfigurationList = 2EC27B8C1AA2DB1900588422 /* Build configuration list for PBXNativeTarget "PhotoWheelPrototypeTests" */;
			buildPhases = (
				2EC27B7B1AA2DB1900588422 /* Sources */,
				2EC27B7C1AA2DB1900588422 /* Frameworks */,
				2EC27B7D1AA2DB1900588422 /* Resources */,
			);
			buildRules = (
			);
			dependencies = (
				2EC27B811AA2DB1900588422 /* PBXTargetDependency */,
			);
			name = PhotoWheelPrototypeTests;
			productName = PhotoWheelPrototypeTests;
			productReference = 2EC27B7F1AA2DB1900588422 /* PhotoWheelPrototypeTests.xctest */;
			productType = "com.apple.product-type.bundle.unit-test";
		};
/* End PBXNativeTarget section */

/* Begin PBXProject section */
		2EC27B5B1AA2DB1900588422 /* Project object */ = {
			isa = PBXProject;
			attributes = {
				LastUpgradeCheck = 0610;
				ORGANIZATIONNAME = ths;
				TargetAttributes = {
					2EC27B621AA2DB1900588422 = {
						CreatedOnToolsVersion = 6.1.1;
					};
					2EC27B7E1AA2DB1900588422 = {
						CreatedOnToolsVersion = 6.1.1;
						TestTargetID = 2EC27B621AA2DB1900588422;
					};
				};
			};
			buildConfigurationList = 2EC27B5E1AA2DB1900588422 /* Build configuration list for PBXProject "PhotoWheelPrototype" */;
			compatibilityVersion = "Xcode 3.2";
			developmentRegion = English;
			hasScannedForEncodings = 0;
			knownRegions = (
				en,
				Base,
			);
			mainGroup = 2EC27B5A1AA2DB1900588422;
			productRefGroup = 2EC27B641AA2DB1900588422 /* Products */;
			projectDirPath = "";
			projectRoot = "";
			targets = (
				2EC27B621AA2DB1900588422 /* PhotoWheelPrototype */,
				2EC27B7E1AA2DB1900588422 /* PhotoWheelPrototypeTests */,
			);
		};
/* End PBXProject section */

/* Begin PBXResourcesBuildPhase section */
		2EC27B611AA2DB1900588422 /* Resources */ = {
			isa = PBXResourcesBuildPhase;
			buildActionMask = 2147483647;
			files = (
				2ECB1B5B1AB0607700464C9B /* NameEditorViewController.xib in Resources */,
				2EC191211AB1EBE800A78151 /* Main.storyboard in Resources */,
				2EC27B7A1AA2DB1900588422 /* LaunchScreen.xib in Resources */,
				2EC27B771AA2DB1900588422 /* Images.xcassets in Resources */,
			);
			runOnlyForDeploymentPostprocessing = 0;
		};
		2EC27B7D1AA2DB1900588422 /* Resources */ = {
			isa = PBXResourcesBuildPhase;
			buildActionMask = 2147483647;
			files = (
			);
			runOnlyForDeploymentPostprocessing = 0;
		};
/* End PBXResourcesBuildPhase section */

/* Begin PBXSourcesBuildPhase section */
		2EC27B5F1AA2DB1900588422 /* Sources */ = {
			isa = PBXSourcesBuildPhase;
			buildActionMask = 2147483647;
			files = (
				2EC191191AB1DDE400A78151 /* WheelView.m in Sources */,
				2EC27B6C1AA2DB1900588422 /* AppDelegate.m in Sources */,
				2EC27B6F1AA2DB1900588422 /* MasterViewController.m in Sources */,
				2EC27B691AA2DB1900588422 /* main.m in Sources */,
				2ECB1B5A1AB0607700464C9B /* NameEditorViewController.m in Sources */,
				2EC1911D1AB1E4EA00A78151 /* DetailViewController.m in Sources */,
			);
			runOnlyForDeploymentPostprocessing = 0;
		};
		2EC27B7B1AA2DB1900588422 /* Sources */ = {
			isa = PBXSourcesBuildPhase;
			buildActionMask = 2147483647;
			files = (
				2EC27B861AA2DB1900588422 /* PhotoWheelPrototypeTests.m in Sources */,
			);
			runOnlyForDeploymentPostprocessing = 0;
		};
/* End PBXSourcesBuildPhase section */

/* Begin PBXTargetDependency section */
		2EC27B811AA2DB1900588422 /* PBXTargetDependency */ = {
			isa = PBXTargetDependency;
			target = 2EC27B621AA2DB1900588422 /* PhotoWheelPrototype */;
			targetProxy = 2EC27B801AA2DB1900588422 /* PBXContainerItemProxy */;
		};
/* End PBXTargetDependency section */

/* Begin PBXVariantGroup section */
		2EC1911F1AB1EBE800A78151 /* Main.storyboard */ = {
			isa = PBXVariantGroup;
			children = (
				2EC191201AB1EBE800A78151 /* Base */,
			);
			name = Main.storyboard;
			sourceTree = "<group>";
		};
		2EC27B781AA2DB1900588422 /* LaunchScreen.xib */ = {
			isa = PBXVariantGroup;
			children = (
				2EC27B791AA2DB1900588422 /* Base */,
			);
			name = LaunchScreen.xib;
			sourceTree = "<group>";
		};
/* End PBXVariantGroup section */

/* Begin XCBuildConfiguration section */
		2EC27B871AA2DB1900588422 /* Debug */ = {
			isa = XCBuildConfiguration;
			buildSettings = {
				ALWAYS_SEARCH_USER_PATHS = NO;
				CLANG_CXX_LANGUAGE_STANDARD = "gnu++0x";
				CLANG_CXX_LIBRARY = "libc++";
				CLANG_ENABLE_MODULES = YES;
				CLANG_ENABLE_OBJC_ARC = YES;
				CLANG_WARN_BOOL_CONVERSION = YES;
				CLANG_WARN_CONSTANT_CONVERSION = YES;
				CLANG_WARN_DIRECT_OBJC_ISA_USAGE = YES_ERROR;
				CLANG_WARN_EMPTY_BODY = YES;
				CLANG_WARN_ENUM_CONVERSION = YES;
				CLANG_WARN_INT_CONVERSION = YES;
				CLANG_WARN_OBJC_ROOT_CLASS = YES_ERROR;
				CLANG_WARN_UNREACHABLE_CODE = YES;
				CLANG_WARN__DUPLICATE_METHOD_MATCH = YES;
				"CODE_SIGN_IDENTITY[sdk=iphoneos*]" = "iPhone Developer";
				COPY_PHASE_STRIP = NO;
				ENABLE_STRICT_OBJC_MSGSEND = YES;
				GCC_C_LANGUAGE_STANDARD = gnu99;
				GCC_DYNAMIC_NO_PIC = NO;
				GCC_OPTIMIZATION_LEVEL = 0;
				GCC_PREPROCESSOR_DEFINITIONS = (
					"DEBUG=1",
					"$(inherited)",
				);
				GCC_SYMBOLS_PRIVATE_EXTERN = NO;
				GCC_WARN_64_TO_32_BIT_CONVERSION = YES;
				GCC_WARN_ABOUT_RETURN_TYPE = YES_ERROR;
				GCC_WARN_UNDECLARED_SELECTOR = YES;
				GCC_WARN_UNINITIALIZED_AUTOS = YES_AGGRESSIVE;
				GCC_WARN_UNUSED_FUNCTION = YES;
				GCC_WARN_UNUSED_VARIABLE = YES;
				IPHONEOS_DEPLOYMENT_TARGET = 8.1;
				MTL_ENABLE_DEBUG_INFO = YES;
				ONLY_ACTIVE_ARCH = YES;
				SDKROOT = iphoneos;
				TARGETED_DEVICE_FAMILY = 2;
			};
			name = Debug;
		};
		2EC27B881AA2DB1900588422 /* Release */ = {
			isa = XCBuildConfiguration;
			buildSettings = {
				ALWAYS_SEARCH_USER_PATHS = NO;
				CLANG_CXX_LANGUAGE_STANDARD = "gnu++0x";
				CLANG_CXX_LIBRARY = "libc++";
				CLANG_ENABLE_MODULES = YES;
				CLANG_ENABLE_OBJC_ARC = YES;
				CLANG_WARN_BOOL_CONVERSION = YES;
				CLANG_WARN_CONSTANT_CONVERSION = YES;
				CLANG_WARN_DIRECT_OBJC_ISA_USAGE = YES_ERROR;
				CLANG_WARN_EMPTY_BODY = YES;
				CLANG_WARN_ENUM_CONVERSION = YES;
				CLANG_WARN_INT_CONVERSION = YES;
				CLANG_WARN_OBJC_ROOT_CLASS = YES_ERROR;
				CLANG_WARN_UNREACHABLE_CODE = YES;
				CLANG_WARN__DUPLICATE_METHOD_MATCH = YES;
				"CODE_SIGN_IDENTITY[sdk=iphoneos*]" = "iPhone Developer";
				COPY_PHASE_STRIP = YES;
				ENABLE_NS_ASSERTIONS = NO;
				ENABLE_STRICT_OBJC_MSGSEND = YES;
				GCC_C_LANGUAGE_STANDARD = gnu99;
				GCC_WARN_64_TO_32_BIT_CONVERSION = YES;
				GCC_WARN_ABOUT_RETURN_TYPE = YES_ERROR;
				GCC_WARN_UNDECLARED_SELECTOR = YES;
				GCC_WARN_UNINITIALIZED_AUTOS = YES_AGGRESSIVE;
				GCC_WARN_UNUSED_FUNCTION = YES;
				GCC_WARN_UNUSED_VARIABLE = YES;
				IPHONEOS_DEPLOYMENT_TARGET = 8.1;
				MTL_ENABLE_DEBUG_INFO = NO;
				SDKROOT = iphoneos;
				TARGETED_DEVICE_FAMILY = 2;
				VALIDATE_PRODUCT = YES;
			};
			name = Release;
		};
		2EC27B8A1AA2DB1900588422 /* Debug */ = {
			isa = XCBuildConfiguration;
			buildSettings = {
				ASSETCATALOG_COMPILER_APPICON_NAME = AppIcon;
				INFOPLIST_FILE = PhotoWheelPrototype/Info.plist;
				LD_RUNPATH_SEARCH_PATHS = "$(inherited) @executable_path/Frameworks";
				PRODUCT_NAME = "$(TARGET_NAME)";
			};
			name = Debug;
		};
		2EC27B8B1AA2DB1900588422 /* Release */ = {
			isa = XCBuildConfiguration;
			buildSettings = {
				ASSETCATALOG_COMPILER_APPICON_NAME = AppIcon;
				INFOPLIST_FILE = PhotoWheelPrototype/Info.plist;
				LD_RUNPATH_SEARCH_PATHS = "$(inherited) @executable_path/Frameworks";
				PRODUCT_NAME = "$(TARGET_NAME)";
			};
			name = Release;
		};
		2EC27B8D1AA2DB1900588422 /* Debug */ = {
			isa = XCBuildConfiguration;
			buildSettings = {
				BUNDLE_LOADER = "$(TEST_HOST)";
				FRAMEWORK_SEARCH_PATHS = (
					"$(SDKROOT)/Developer/Library/Frameworks",
					"$(inherited)",
				);
				GCC_PREPROCESSOR_DEFINITIONS = (
					"DEBUG=1",
					"$(inherited)",
				);
				INFOPLIST_FILE = PhotoWheelPrototypeTests/Info.plist;
				LD_RUNPATH_SEARCH_PATHS = "$(inherited) @executable_path/Frameworks @loader_path/Frameworks";
				PRODUCT_NAME = "$(TARGET_NAME)";
				TEST_HOST = "$(BUILT_PRODUCTS_DIR)/PhotoWheelPrototype.app/PhotoWheelPrototype";
			};
			name = Debug;
		};
		2EC27B8E1AA2DB1900588422 /* Release */ = {
			isa = XCBuildConfiguration;
			buildSettings = {
				BUNDLE_LOADER = "$(TEST_HOST)";
				FRAMEWORK_SEARCH_PATHS = (
					"$(SDKROOT)/Developer/Library/Frameworks",
					"$(inherited)",
				);
				INFOPLIST_FILE = PhotoWheelPrototypeTests/Info.plist;
				LD_RUNPATH_SEARCH_PATHS = "$(inherited) @executable_path/Frameworks @loader_path/Frameworks";
				PRODUCT_NAME = "$(TARGET_NAME)";
				TEST_HOST = "$(BUILT_PRODUCTS_DIR)/PhotoWheelPrototype.app/PhotoWheelPrototype";
			};
			name = Release;
		};
/* End XCBuildConfiguration section */

/* Begin XCConfigurationList section */
		2EC27B5E1AA2DB1900588422 /* Build configuration list for PBXProject "PhotoWheelPrototype" */ = {
			isa = XCConfigurationList;
			buildConfigurations = (
				2EC27B871AA2DB1900588422 /* Debug */,
				2EC27B881AA2DB1900588422 /* Release */,
			);
			defaultConfigurationIsVisible = 0;
			defaultConfigurationName = Release;
		};
		2EC27B891AA2DB1900588422 /* Build configuration list for PBXNativeTarget "PhotoWheelPrototype" */ = {
			isa = XCConfigurationList;
			buildConfigurations = (
				2EC27B8A1AA2DB1900588422 /* Debug */,
				2EC27B8B1AA2DB1900588422 /* Release */,
			);
			defaultConfigurationIsVisible = 0;
			defaultConfigurationName = Release;
		};
		2EC27B8C1AA2DB1900588422 /* Build configuration list for PBXNativeTarget "PhotoWheelPrototypeTests" */ = {
			isa = XCConfigurationList;
			buildConfigurations = (
				2EC27B8D1AA2DB1900588422 /* Debug */,
				2EC27B8E1AA2DB1900588422 /* Release */,
			);
			defaultConfigurationIsVisible = 0;
			defaultConfigurationName = Release;
		};
/* End XCConfigurationList section */
	};
	rootObject = 2EC27B5B1AA2DB1900588422 /* Project object */;
}
