// !$*UTF8*$!
{
	archiveVersion = 1;
	classes = {
	};
	objectVersion = 46;
	objects = {

/* Begin PBXBuildFile section */
		2EA96EC81B0B7C4F002766F4 /* testViewController.m in Sources */ = {isa = PBXBuildFile; fileRef = 2EA96EC61B0B7C4F002766F4 /* testViewController.m */; };
		2EA96EC91B0B7C4F002766F4 /* testViewController.xib in Resources */ = {isa = PBXBuildFile; fileRef = 2EA96EC71B0B7C4F002766F4 /* testViewController.xib */; };
		2EC1F7041AB8744500B0ACA2 /* CardMatchingGame.m in Sources */ = {isa = PBXBuildFile; fileRef = 2EC1F6FD1AB8744500B0ACA2 /* CardMatchingGame.m */; };
		2EC1F7051AB8744500B0ACA2 /* Deck.m in Sources */ = {isa = PBXBuildFile; fileRef = 2EC1F6FF1AB8744500B0ACA2 /* Deck.m */; };
		2EC1F7061AB8744500B0ACA2 /* PlayingCard.m in Sources */ = {isa = PBXBuildFile; fileRef = 2EC1F7011AB8744500B0ACA2 /* PlayingCard.m */; };
		2EC1F7071AB8744500B0ACA2 /* PlayingCardDeck.m in Sources */ = {isa = PBXBuildFile; fileRef = 2EC1F7031AB8744500B0ACA2 /* PlayingCardDeck.m */; };
		2EC1F70A1AB8755F00B0ACA2 /* Card.m in Sources */ = {isa = PBXBuildFile; fileRef = 2EC1F7091AB8755F00B0ACA2 /* Card.m */; };
		2ED0E31D1AB735BB00B89444 /* main.m in Sources */ = {isa = PBXBuildFile; fileRef = 2ED0E31C1AB735BB00B89444 /* main.m */; };
		2ED0E3201AB735BB00B89444 /* AppDelegate.m in Sources */ = {isa = PBXBuildFile; fileRef = 2ED0E31F1AB735BB00B89444 /* AppDelegate.m */; };
		2ED0E3231AB735BB00B89444 /* ViewController.m in Sources */ = {isa = PBXBuildFile; fileRef = 2ED0E3221AB735BB00B89444 /* ViewController.m */; };
		2ED0E3261AB735BB00B89444 /* Main.storyboard in Resources */ = {isa = PBXBuildFile; fileRef = 2ED0E3241AB735BB00B89444 /* Main.storyboard */; };
		2ED0E3281AB735BB00B89444 /* Images.xcassets in Resources */ = {isa = PBXBuildFile; fileRef = 2ED0E3271AB735BB00B89444 /* Images.xcassets */; };
		2ED0E32B1AB735BB00B89444 /* LaunchScreen.xib in Resources */ = {isa = PBXBuildFile; fileRef = 2ED0E3291AB735BB00B89444 /* LaunchScreen.xib */; };
		2ED0E3371AB735BB00B89444 /* Matchismo3Tests.m in Sources */ = {isa = PBXBuildFile; fileRef = 2ED0E3361AB735BB00B89444 /* Matchismo3Tests.m */; };
/* End PBXBuildFile section */

/* Begin PBXContainerItemProxy section */
		2ED0E3311AB735BB00B89444 /* PBXContainerItemProxy */ = {
			isa = PBXContainerItemProxy;
			containerPortal = 2ED0E30F1AB735BB00B89444 /* Project object */;
			proxyType = 1;
			remoteGlobalIDString = 2ED0E3161AB735BB00B89444;
			remoteInfo = Matchismo3;
		};
/* End PBXContainerItemProxy section */

/* Begin PBXFileReference section */
		2EA96EC51B0B7C4F002766F4 /* testViewController.h */ = {isa = PBXFileReference; fileEncoding = 4; lastKnownFileType = sourcecode.c.h; path = testViewController.h; sourceTree = "<group>"; };
		2EA96EC61B0B7C4F002766F4 /* testViewController.m */ = {isa = PBXFileReference; fileEncoding = 4; lastKnownFileType = sourcecode.c.objc; path = testViewController.m; sourceTree = "<group>"; };
		2EA96EC71B0B7C4F002766F4 /* testViewController.xib */ = {isa = PBXFileReference; fileEncoding = 4; lastKnownFileType = file.xib; path = testViewController.xib; sourceTree = "<group>"; };
		2EC1F6FB1AB8744500B0ACA2 /* Card.h */ = {isa = PBXFileReference; fileEncoding = 4; lastKnownFileType = sourcecode.c.h; name = Card.h; path = Model/Card.h; sourceTree = "<group>"; };
		2EC1F6FC1AB8744500B0ACA2 /* CardMatchingGame.h */ = {isa = PBXFileReference; fileEncoding = 4; lastKnownFileType = sourcecode.c.h; name = CardMatchingGame.h; path = Model/CardMatchingGame.h; sourceTree = "<group>"; };
		2EC1F6FD1AB8744500B0ACA2 /* CardMatchingGame.m */ = {isa = PBXFileReference; fileEncoding = 4; lastKnownFileType = sourcecode.c.objc; name = CardMatchingGame.m; path = Model/CardMatchingGame.m; sourceTree = "<group>"; };
		2EC1F6FE1AB8744500B0ACA2 /* Deck.h */ = {isa = PBXFileReference; fileEncoding = 4; lastKnownFileType = sourcecode.c.h; name = Deck.h; path = Model/Deck.h; sourceTree = "<group>"; };
		2EC1F6FF1AB8744500B0ACA2 /* Deck.m */ = {isa = PBXFileReference; fileEncoding = 4; lastKnownFileType = sourcecode.c.objc; name = Deck.m; path = Model/Deck.m; sourceTree = "<group>"; };
		2EC1F7001AB8744500B0ACA2 /* PlayingCard.h */ = {isa = PBXFileReference; fileEncoding = 4; lastKnownFileType = sourcecode.c.h; name = PlayingCard.h; path = Model/PlayingCard.h; sourceTree = "<group>"; };
		2EC1F7011AB8744500B0ACA2 /* PlayingCard.m */ = {isa = PBXFileReference; fileEncoding = 4; lastKnownFileType = sourcecode.c.objc; name = PlayingCard.m; path = Model/PlayingCard.m; sourceTree = "<group>"; };
		2EC1F7021AB8744500B0ACA2 /* PlayingCardDeck.h */ = {isa = PBXFileReference; fileEncoding = 4; lastKnownFileType = sourcecode.c.h; name = PlayingCardDeck.h; path = Model/PlayingCardDeck.h; sourceTree = "<group>"; };
		2EC1F7031AB8744500B0ACA2 /* PlayingCardDeck.m */ = {isa = PBXFileReference; fileEncoding = 4; lastKnownFileType = sourcecode.c.objc; name = PlayingCardDeck.m; path = Model/PlayingCardDeck.m; sourceTree = "<group>"; };
		2EC1F7091AB8755F00B0ACA2 /* Card.m */ = {isa = PBXFileReference; fileEncoding = 4; lastKnownFileType = sourcecode.c.objc; name = Card.m; path = Model/Card.m; sourceTree = "<group>"; };
		2ED0E3171AB735BB00B89444 /* Matchismo3.app */ = {isa = PBXFileReference; explicitFileType = wrapper.application; includeInIndex = 0; path = Matchismo3.app; sourceTree = BUILT_PRODUCTS_DIR; };
		2ED0E31B1AB735BB00B89444 /* Info.plist */ = {isa = PBXFileReference; lastKnownFileType = text.plist.xml; path = Info.plist; sourceTree = "<group>"; };
		2ED0E31C1AB735BB00B89444 /* main.m */ = {isa = PBXFileReference; lastKnownFileType = sourcecode.c.objc; path = main.m; sourceTree = "<group>"; };
		2ED0E31E1AB735BB00B89444 /* AppDelegate.h */ = {isa = PBXFileReference; lastKnownFileType = sourcecode.c.h; path = AppDelegate.h; sourceTree = "<group>"; };
		2ED0E31F1AB735BB00B89444 /* AppDelegate.m */ = {isa = PBXFileReference; lastKnownFileType = sourcecode.c.objc; path = AppDelegate.m; sourceTree = "<group>"; };
		2ED0E3211AB735BB00B89444 /* ViewController.h */ = {isa = PBXFileReference; lastKnownFileType = sourcecode.c.h; path = ViewController.h; sourceTree = "<group>"; };
		2ED0E3221AB735BB00B89444 /* ViewController.m */ = {isa = PBXFileReference; lastKnownFileType = sourcecode.c.objc; path = ViewController.m; sourceTree = "<group>"; };
		2ED0E3251AB735BB00B89444 /* Base */ = {isa = PBXFileReference; lastKnownFileType = file.storyboard; name = Base; path = Base.lproj/Main.storyboard; sourceTree = "<group>"; };
		2ED0E3271AB735BB00B89444 /* Images.xcassets */ = {isa = PBXFileReference; lastKnownFileType = folder.assetcatalog; path = Images.xcassets; sourceTree = "<group>"; };
		2ED0E32A1AB735BB00B89444 /* Base */ = {isa = PBXFileReference; lastKnownFileType = file.xib; name = Base; path = Base.lproj/LaunchScreen.xib; sourceTree = "<group>"; };
		2ED0E3301AB735BB00B89444 /* Matchismo3Tests.xctest */ = {isa = PBXFileReference; explicitFileType = wrapper.cfbundle; includeInIndex = 0; path = Matchismo3Tests.xctest; sourceTree = BUILT_PRODUCTS_DIR; };
		2ED0E3351AB735BB00B89444 /* Info.plist */ = {isa = PBXFileReference; lastKnownFileType = text.plist.xml; path = Info.plist; sourceTree = "<group>"; };
		2ED0E3361AB735BB00B89444 /* Matchismo3Tests.m */ = {isa = PBXFileReference; lastKnownFileType = sourcecode.c.objc; path = Matchismo3Tests.m; sourceTree = "<group>"; };
/* End PBXFileReference section */

/* Begin PBXFrameworksBuildPhase section */
		2ED0E3141AB735BB00B89444 /* Frameworks */ = {
			isa = PBXFrameworksBuildPhase;
			buildActionMask = 2147483647;
			files = (
			);
			runOnlyForDeploymentPostprocessing = 0;
		};
		2ED0E32D1AB735BB00B89444 /* Frameworks */ = {
			isa = PBXFrameworksBuildPhase;
			buildActionMask = 2147483647;
			files = (
			);
			runOnlyForDeploymentPostprocessing = 0;
		};
/* End PBXFrameworksBuildPhase section */

/* Begin PBXGroup section */
		2EC1F7081AB8745300B0ACA2 /* model */ = {
			isa = PBXGroup;
			children = (
				2EC1F7091AB8755F00B0ACA2 /* Card.m */,
				2EC1F6FB1AB8744500B0ACA2 /* Card.h */,
				2EC1F6FE1AB8744500B0ACA2 /* Deck.h */,
				2EC1F6FF1AB8744500B0ACA2 /* Deck.m */,
				2EC1F6FC1AB8744500B0ACA2 /* CardMatchingGame.h */,
				2EC1F6FD1AB8744500B0ACA2 /* CardMatchingGame.m */,
				2EC1F7001AB8744500B0ACA2 /* PlayingCard.h */,
				2EC1F7011AB8744500B0ACA2 /* PlayingCard.m */,
				2EC1F7021AB8744500B0ACA2 /* PlayingCardDeck.h */,
				2EC1F7031AB8744500B0ACA2 /* PlayingCardDeck.m */,
			);
			name = model;
			sourceTree = "<group>";
		};
		2ED0E30E1AB735BB00B89444 = {
			isa = PBXGroup;
			children = (
				2ED0E3191AB735BB00B89444 /* Matchismo3 */,
				2ED0E3331AB735BB00B89444 /* Matchismo3Tests */,
				2ED0E3181AB735BB00B89444 /* Products */,
			);
			sourceTree = "<group>";
		};
		2ED0E3181AB735BB00B89444 /* Products */ = {
			isa = PBXGroup;
			children = (
				2ED0E3171AB735BB00B89444 /* Matchismo3.app */,
				2ED0E3301AB735BB00B89444 /* Matchismo3Tests.xctest */,
			);
			name = Products;
			sourceTree = "<group>";
		};
		2ED0E3191AB735BB00B89444 /* Matchismo3 */ = {
			isa = PBXGroup;
			children = (
				2EC1F7081AB8745300B0ACA2 /* model */,
				2ED0E3211AB735BB00B89444 /* ViewController.h */,
				2ED0E3221AB735BB00B89444 /* ViewController.m */,
				2ED0E3241AB735BB00B89444 /* Main.storyboard */,
				2ED0E3271AB735BB00B89444 /* Images.xcassets */,
				2ED0E31A1AB735BB00B89444 /* Supporting Files */,
				2EA96EC51B0B7C4F002766F4 /* testViewController.h */,
				2EA96EC61B0B7C4F002766F4 /* testViewController.m */,
				2EA96EC71B0B7C4F002766F4 /* testViewController.xib */,
			);
			path = Matchismo3;
			sourceTree = "<group>";
		};
		2ED0E31A1AB735BB00B89444 /* Supporting Files */ = {
			isa = PBXGroup;
			children = (
				2ED0E31E1AB735BB00B89444 /* AppDelegate.h */,
				2ED0E31F1AB735BB00B89444 /* AppDelegate.m */,
				2ED0E3291AB735BB00B89444 /* LaunchScreen.xib */,
				2ED0E31B1AB735BB00B89444 /* Info.plist */,
				2ED0E31C1AB735BB00B89444 /* main.m */,
			);
			name = "Supporting Files";
			sourceTree = "<group>";
		};
		2ED0E3331AB735BB00B89444 /* Matchismo3Tests */ = {
			isa = PBXGroup;
			children = (
				2ED0E3361AB735BB00B89444 /* Matchismo3Tests.m */,
				2ED0E3341AB735BB00B89444 /* Supporting Files */,
			);
			path = Matchismo3Tests;
			sourceTree = "<group>";
		};
		2ED0E3341AB735BB00B89444 /* Supporting Files */ = {
			isa = PBXGroup;
			children = (
				2ED0E3351AB735BB00B89444 /* Info.plist */,
			);
			name = "Supporting Files";
			sourceTree = "<group>";
		};
/* End PBXGroup section */

/* Begin PBXNativeTarget section */
		2ED0E3161AB735BB00B89444 /* Matchismo3 */ = {
			isa = PBXNativeTarget;
			buildConfigurationList = 2ED0E33A1AB735BB00B89444 /* Build configuration list for PBXNativeTarget "Matchismo3" */;
			buildPhases = (
				2ED0E3131AB735BB00B89444 /* Sources */,
				2ED0E3141AB735BB00B89444 /* Frameworks */,
				2ED0E3151AB735BB00B89444 /* Resources */,
			);
			buildRules = (
			);
			dependencies = (
			);
			name = Matchismo3;
			productName = Matchismo3;
			productReference = 2ED0E3171AB735BB00B89444 /* Matchismo3.app */;
			productType = "com.apple.product-type.application";
		};
		2ED0E32F1AB735BB00B89444 /* Matchismo3Tests */ = {
			isa = PBXNativeTarget;
			buildConfigurationList = 2ED0E33D1AB735BB00B89444 /* Build configuration list for PBXNativeTarget "Matchismo3Tests" */;
			buildPhases = (
				2ED0E32C1AB735BB00B89444 /* Sources */,
				2ED0E32D1AB735BB00B89444 /* Frameworks */,
				2ED0E32E1AB735BB00B89444 /* Resources */,
			);
			buildRules = (
			);
			dependencies = (
				2ED0E3321AB735BB00B89444 /* PBXTargetDependency */,
			);
			name = Matchismo3Tests;
			productName = Matchismo3Tests;
			productReference = 2ED0E3301AB735BB00B89444 /* Matchismo3Tests.xctest */;
			productType = "com.apple.product-type.bundle.unit-test";
		};
/* End PBXNativeTarget section */

/* Begin PBXProject section */
		2ED0E30F1AB735BB00B89444 /* Project object */ = {
			isa = PBXProject;
			attributes = {
				LastUpgradeCheck = 0610;
				ORGANIZATIONNAME = ths;
				TargetAttributes = {
					2ED0E3161AB735BB00B89444 = {
						CreatedOnToolsVersion = 6.1.1;
					};
					2ED0E32F1AB735BB00B89444 = {
						CreatedOnToolsVersion = 6.1.1;
						TestTargetID = 2ED0E3161AB735BB00B89444;
					};
				};
			};
			buildConfigurationList = 2ED0E3121AB735BB00B89444 /* Build configuration list for PBXProject "Matchismo3" */;
			compatibilityVersion = "Xcode 3.2";
			developmentRegion = English;
			hasScannedForEncodings = 0;
			knownRegions = (
				en,
				Base,
			);
			mainGroup = 2ED0E30E1AB735BB00B89444;
			productRefGroup = 2ED0E3181AB735BB00B89444 /* Products */;
			projectDirPath = "";
			projectRoot = "";
			targets = (
				2ED0E3161AB735BB00B89444 /* Matchismo3 */,
				2ED0E32F1AB735BB00B89444 /* Matchismo3Tests */,
			);
		};
/* End PBXProject section */

/* Begin PBXResourcesBuildPhase section */
		2ED0E3151AB735BB00B89444 /* Resources */ = {
			isa = PBXResourcesBuildPhase;
			buildActionMask = 2147483647;
			files = (
				2ED0E3261AB735BB00B89444 /* Main.storyboard in Resources */,
				2ED0E32B1AB735BB00B89444 /* LaunchScreen.xib in Resources */,
				2EA96EC91B0B7C4F002766F4 /* testViewController.xib in Resources */,
				2ED0E3281AB735BB00B89444 /* Images.xcassets in Resources */,
			);
			runOnlyForDeploymentPostprocessing = 0;
		};
		2ED0E32E1AB735BB00B89444 /* Resources */ = {
			isa = PBXResourcesBuildPhase;
			buildActionMask = 2147483647;
			files = (
			);
			runOnlyForDeploymentPostprocessing = 0;
		};
/* End PBXResourcesBuildPhase section */

/* Begin PBXSourcesBuildPhase section */
		2ED0E3131AB735BB00B89444 /* Sources */ = {
			isa = PBXSourcesBuildPhase;
			buildActionMask = 2147483647;
			files = (
				2EC1F7061AB8744500B0ACA2 /* PlayingCard.m in Sources */,
				2EC1F7051AB8744500B0ACA2 /* Deck.m in Sources */,
				2EC1F7041AB8744500B0ACA2 /* CardMatchingGame.m in Sources */,
				2EC1F70A1AB8755F00B0ACA2 /* Card.m in Sources */,
				2ED0E3231AB735BB00B89444 /* ViewController.m in Sources */,
				2EC1F7071AB8744500B0ACA2 /* PlayingCardDeck.m in Sources */,
				2EA96EC81B0B7C4F002766F4 /* testViewController.m in Sources */,
				2ED0E3201AB735BB00B89444 /* AppDelegate.m in Sources */,
				2ED0E31D1AB735BB00B89444 /* main.m in Sources */,
			);
			runOnlyForDeploymentPostprocessing = 0;
		};
		2ED0E32C1AB735BB00B89444 /* Sources */ = {
			isa = PBXSourcesBuildPhase;
			buildActionMask = 2147483647;
			files = (
				2ED0E3371AB735BB00B89444 /* Matchismo3Tests.m in Sources */,
			);
			runOnlyForDeploymentPostprocessing = 0;
		};
/* End PBXSourcesBuildPhase section */

/* Begin PBXTargetDependency section */
		2ED0E3321AB735BB00B89444 /* PBXTargetDependency */ = {
			isa = PBXTargetDependency;
			target = 2ED0E3161AB735BB00B89444 /* Matchismo3 */;
			targetProxy = 2ED0E3311AB735BB00B89444 /* PBXContainerItemProxy */;
		};
/* End PBXTargetDependency section */

/* Begin PBXVariantGroup section */
		2ED0E3241AB735BB00B89444 /* Main.storyboard */ = {
			isa = PBXVariantGroup;
			children = (
				2ED0E3251AB735BB00B89444 /* Base */,
			);
			name = Main.storyboard;
			sourceTree = "<group>";
		};
		2ED0E3291AB735BB00B89444 /* LaunchScreen.xib */ = {
			isa = PBXVariantGroup;
			children = (
				2ED0E32A1AB735BB00B89444 /* Base */,
			);
			name = LaunchScreen.xib;
			sourceTree = "<group>";
		};
/* End PBXVariantGroup section */

/* Begin XCBuildConfiguration section */
		2ED0E3381AB735BB00B89444 /* Debug */ = {
			isa = XCBuildConfiguration;
			buildSettings = {
				ALWAYS_SEARCH_USER_PATHS = NO;
				CLANG_CXX_LANGUAGE_STANDARD = "gnu++0x";
				CLANG_CXX_LIBRARY = "libc++";
				CLANG_ENABLE_MODULES = YES;
				CLANG_ENABLE_OBJC_ARC = YES;
				CLANG_WARN_BOOL_CONVERSION = YES;
				CLANG_WARN_CONSTANT_CONVERSION = YES;
				CLANG_WARN_DIRECT_OBJC_ISA_USAGE = YES_ERROR;
				CLANG_WARN_EMPTY_BODY = YES;
				CLANG_WARN_ENUM_CONVERSION = YES;
				CLANG_WARN_INT_CONVERSION = YES;
				CLANG_WARN_OBJC_ROOT_CLASS = YES_ERROR;
				CLANG_WARN_UNREACHABLE_CODE = YES;
				CLANG_WARN__DUPLICATE_METHOD_MATCH = YES;
				"CODE_SIGN_IDENTITY[sdk=iphoneos*]" = "iPhone Developer";
				COPY_PHASE_STRIP = NO;
				ENABLE_STRICT_OBJC_MSGSEND = YES;
				GCC_C_LANGUAGE_STANDARD = gnu99;
				GCC_DYNAMIC_NO_PIC = NO;
				GCC_OPTIMIZATION_LEVEL = 0;
				GCC_PREPROCESSOR_DEFINITIONS = (
					"DEBUG=1",
					"$(inherited)",
				);
				GCC_SYMBOLS_PRIVATE_EXTERN = NO;
				GCC_WARN_64_TO_32_BIT_CONVERSION = YES;
				GCC_WARN_ABOUT_RETURN_TYPE = YES_ERROR;
				GCC_WARN_UNDECLARED_SELECTOR = YES;
				GCC_WARN_UNINITIALIZED_AUTOS = YES_AGGRESSIVE;
				GCC_WARN_UNUSED_FUNCTION = YES;
				GCC_WARN_UNUSED_VARIABLE = YES;
				IPHONEOS_DEPLOYMENT_TARGET = 8.1;
				MTL_ENABLE_DEBUG_INFO = YES;
				ONLY_ACTIVE_ARCH = YES;
				SDKROOT = iphoneos;
			};
			name = Debug;
		};
		2ED0E3391AB735BB00B89444 /* Release */ = {
			isa = XCBuildConfiguration;
			buildSettings = {
				ALWAYS_SEARCH_USER_PATHS = NO;
				CLANG_CXX_LANGUAGE_STANDARD = "gnu++0x";
				CLANG_CXX_LIBRARY = "libc++";
				CLANG_ENABLE_MODULES = YES;
				CLANG_ENABLE_OBJC_ARC = YES;
				CLANG_WARN_BOOL_CONVERSION = YES;
				CLANG_WARN_CONSTANT_CONVERSION = YES;
				CLANG_WARN_DIRECT_OBJC_ISA_USAGE = YES_ERROR;
				CLANG_WARN_EMPTY_BODY = YES;
				CLANG_WARN_ENUM_CONVERSION = YES;
				CLANG_WARN_INT_CONVERSION = YES;
				CLANG_WARN_OBJC_ROOT_CLASS = YES_ERROR;
				CLANG_WARN_UNREACHABLE_CODE = YES;
				CLANG_WARN__DUPLICATE_METHOD_MATCH = YES;
				"CODE_SIGN_IDENTITY[sdk=iphoneos*]" = "iPhone Developer";
				COPY_PHASE_STRIP = YES;
				ENABLE_NS_ASSERTIONS = NO;
				ENABLE_STRICT_OBJC_MSGSEND = YES;
				GCC_C_LANGUAGE_STANDARD = gnu99;
				GCC_WARN_64_TO_32_BIT_CONVERSION = YES;
				GCC_WARN_ABOUT_RETURN_TYPE = YES_ERROR;
				GCC_WARN_UNDECLARED_SELECTOR = YES;
				GCC_WARN_UNINITIALIZED_AUTOS = YES_AGGRESSIVE;
				GCC_WARN_UNUSED_FUNCTION = YES;
				GCC_WARN_UNUSED_VARIABLE = YES;
				IPHONEOS_DEPLOYMENT_TARGET = 8.1;
				MTL_ENABLE_DEBUG_INFO = NO;
				SDKROOT = iphoneos;
				VALIDATE_PRODUCT = YES;
			};
			name = Release;
		};
		2ED0E33B1AB735BB00B89444 /* Debug */ = {
			isa = XCBuildConfiguration;
			buildSettings = {
				ASSETCATALOG_COMPILER_APPICON_NAME = AppIcon;
				INFOPLIST_FILE = Matchismo3/Info.plist;
				LD_RUNPATH_SEARCH_PATHS = "$(inherited) @executable_path/Frameworks";
				PRODUCT_NAME = "$(TARGET_NAME)";
			};
			name = Debug;
		};
		2ED0E33C1AB735BB00B89444 /* Release */ = {
			isa = XCBuildConfiguration;
			buildSettings = {
				ASSETCATALOG_COMPILER_APPICON_NAME = AppIcon;
				INFOPLIST_FILE = Matchismo3/Info.plist;
				LD_RUNPATH_SEARCH_PATHS = "$(inherited) @executable_path/Frameworks";
				PRODUCT_NAME = "$(TARGET_NAME)";
			};
			name = Release;
		};
		2ED0E33E1AB735BB00B89444 /* Debug */ = {
			isa = XCBuildConfiguration;
			buildSettings = {
				BUNDLE_LOADER = "$(TEST_HOST)";
				FRAMEWORK_SEARCH_PATHS = (
					"$(SDKROOT)/Developer/Library/Frameworks",
					"$(inherited)",
				);
				GCC_PREPROCESSOR_DEFINITIONS = (
					"DEBUG=1",
					"$(inherited)",
				);
				INFOPLIST_FILE = Matchismo3Tests/Info.plist;
				LD_RUNPATH_SEARCH_PATHS = "$(inherited) @executable_path/Frameworks @loader_path/Frameworks";
				PRODUCT_NAME = "$(TARGET_NAME)";
				TEST_HOST = "$(BUILT_PRODUCTS_DIR)/Matchismo3.app/Matchismo3";
			};
			name = Debug;
		};
		2ED0E33F1AB735BB00B89444 /* Release */ = {
			isa = XCBuildConfiguration;
			buildSettings = {
				BUNDLE_LOADER = "$(TEST_HOST)";
				FRAMEWORK_SEARCH_PATHS = (
					"$(SDKROOT)/Developer/Library/Frameworks",
					"$(inherited)",
				);
				INFOPLIST_FILE = Matchismo3Tests/Info.plist;
				LD_RUNPATH_SEARCH_PATHS = "$(inherited) @executable_path/Frameworks @loader_path/Frameworks";
				PRODUCT_NAME = "$(TARGET_NAME)";
				TEST_HOST = "$(BUILT_PRODUCTS_DIR)/Matchismo3.app/Matchismo3";
			};
			name = Release;
		};
/* End XCBuildConfiguration section */

/* Begin XCConfigurationList section */
		2ED0E3121AB735BB00B89444 /* Build configuration list for PBXProject "Matchismo3" */ = {
			isa = XCConfigurationList;
			buildConfigurations = (
				2ED0E3381AB735BB00B89444 /* Debug */,
				2ED0E3391AB735BB00B89444 /* Release */,
			);
			defaultConfigurationIsVisible = 0;
			defaultConfigurationName = Release;
		};
		2ED0E33A1AB735BB00B89444 /* Build configuration list for PBXNativeTarget "Matchismo3" */ = {
			isa = XCConfigurationList;
			buildConfigurations = (
				2ED0E33B1AB735BB00B89444 /* Debug */,
				2ED0E33C1AB735BB00B89444 /* Release */,
			);
			defaultConfigurationIsVisible = 0;
			defaultConfigurationName = Release;
		};
		2ED0E33D1AB735BB00B89444 /* Build configuration list for PBXNativeTarget "Matchismo3Tests" */ = {
			isa = XCConfigurationList;
			buildConfigurations = (
				2ED0E33E1AB735BB00B89444 /* Debug */,
				2ED0E33F1AB735BB00B89444 /* Release */,
			);
			defaultConfigurationIsVisible = 0;
			defaultConfigurationName = Release;
		};
/* End XCConfigurationList section */
	};
	rootObject = 2ED0E30F1AB735BB00B89444 /* Project object */;
}
